// !$*UTF8*$!
{
	archiveVersion = 1;
	classes = {
	};
	objectVersion = 50;
	objects = {

/* Begin PBXBuildFile section */
		770AFB7D20BBA86D008D0549 /* MainController.swift in Sources */ = {isa = PBXBuildFile; fileRef = 770AFB7C20BBA86D008D0549 /* MainController.swift */; };
		770AFB7F20BBAF07008D0549 /* CityData.swift in Sources */ = {isa = PBXBuildFile; fileRef = 770AFB7E20BBAF07008D0549 /* CityData.swift */; };
		770AFB8120BBCD1B008D0549 /* PetDetailController.swift in Sources */ = {isa = PBXBuildFile; fileRef = 770AFB8020BBCD1B008D0549 /* PetDetailController.swift */; };
		7724025B20BA603700BA39ED /* SearchPetController.swift in Sources */ = {isa = PBXBuildFile; fileRef = 7724025A20BA603700BA39ED /* SearchPetController.swift */; };
		7724025D20BA62B800BA39ED /* Parsers.swift in Sources */ = {isa = PBXBuildFile; fileRef = 7724025C20BA62B800BA39ED /* Parsers.swift */; };
		77950A2420BA95E800BFDA29 /* PetsController.swift in Sources */ = {isa = PBXBuildFile; fileRef = 77950A2320BA95E800BFDA29 /* PetsController.swift */; };
		77BB247B20B962E6001F4564 /* AppDelegate.swift in Sources */ = {isa = PBXBuildFile; fileRef = 77BB247A20B962E6001F4564 /* AppDelegate.swift */; };
		77BB247D20B962E6001F4564 /* ViewController.swift in Sources */ = {isa = PBXBuildFile; fileRef = 77BB247C20B962E6001F4564 /* ViewController.swift */; };
		77BB248020B962E6001F4564 /* Main.storyboard in Resources */ = {isa = PBXBuildFile; fileRef = 77BB247E20B962E6001F4564 /* Main.storyboard */; };
		77BB248220B962E7001F4564 /* Assets.xcassets in Resources */ = {isa = PBXBuildFile; fileRef = 77BB248120B962E7001F4564 /* Assets.xcassets */; };
		77BB248520B962E7001F4564 /* LaunchScreen.storyboard in Resources */ = {isa = PBXBuildFile; fileRef = 77BB248320B962E7001F4564 /* LaunchScreen.storyboard */; };
		77BB248D20B97502001F4564 /* FindWithCityName.swift in Sources */ = {isa = PBXBuildFile; fileRef = 77BB248C20B97502001F4564 /* FindWithCityName.swift */; };
		77BB248F20B97A16001F4564 /* data.plist in Resources */ = {isa = PBXBuildFile; fileRef = 77BB248E20B97A16001F4564 /* data.plist */; };
		77BB249120B9810C001F4564 /* MedicalController.swift in Sources */ = {isa = PBXBuildFile; fileRef = 77BB249020B9810C001F4564 /* MedicalController.swift */; };
		77BB249520B9D056001F4564 /* MedicalDetailController.swift in Sources */ = {isa = PBXBuildFile; fileRef = 77BB249420B9D056001F4564 /* MedicalDetailController.swift */; };
/* End PBXBuildFile section */

/* Begin PBXFileReference section */
		770AFB7C20BBA86D008D0549 /* MainController.swift */ = {isa = PBXFileReference; lastKnownFileType = sourcecode.swift; path = MainController.swift; sourceTree = "<group>"; };
		770AFB7E20BBAF07008D0549 /* CityData.swift */ = {isa = PBXFileReference; lastKnownFileType = sourcecode.swift; path = CityData.swift; sourceTree = "<group>"; };
		770AFB8020BBCD1B008D0549 /* PetDetailController.swift */ = {isa = PBXFileReference; lastKnownFileType = sourcecode.swift; path = PetDetailController.swift; sourceTree = "<group>"; };
		7724025A20BA603700BA39ED /* SearchPetController.swift */ = {isa = PBXFileReference; lastKnownFileType = sourcecode.swift; path = SearchPetController.swift; sourceTree = "<group>"; };
		7724025C20BA62B800BA39ED /* Parsers.swift */ = {isa = PBXFileReference; lastKnownFileType = sourcecode.swift; path = Parsers.swift; sourceTree = "<group>"; };
		77950A2320BA95E800BFDA29 /* PetsController.swift */ = {isa = PBXFileReference; lastKnownFileType = sourcecode.swift; path = PetsController.swift; sourceTree = "<group>"; };
		77BB247720B962E6001F4564 /* HalfOfYourLife.app */ = {isa = PBXFileReference; explicitFileType = wrapper.application; includeInIndex = 0; path = HalfOfYourLife.app; sourceTree = BUILT_PRODUCTS_DIR; };
		77BB247A20B962E6001F4564 /* AppDelegate.swift */ = {isa = PBXFileReference; lastKnownFileType = sourcecode.swift; path = AppDelegate.swift; sourceTree = "<group>"; };
		77BB247C20B962E6001F4564 /* ViewController.swift */ = {isa = PBXFileReference; lastKnownFileType = sourcecode.swift; path = ViewController.swift; sourceTree = "<group>"; };
		77BB247F20B962E6001F4564 /* Base */ = {isa = PBXFileReference; lastKnownFileType = file.storyboard; name = Base; path = Base.lproj/Main.storyboard; sourceTree = "<group>"; };
		77BB248120B962E7001F4564 /* Assets.xcassets */ = {isa = PBXFileReference; lastKnownFileType = folder.assetcatalog; path = Assets.xcassets; sourceTree = "<group>"; };
		77BB248420B962E7001F4564 /* Base */ = {isa = PBXFileReference; lastKnownFileType = file.storyboard; name = Base; path = Base.lproj/LaunchScreen.storyboard; sourceTree = "<group>"; };
		77BB248620B962E7001F4564 /* Info.plist */ = {isa = PBXFileReference; lastKnownFileType = text.plist.xml; path = Info.plist; sourceTree = "<group>"; };
		77BB248C20B97502001F4564 /* FindWithCityName.swift */ = {isa = PBXFileReference; lastKnownFileType = sourcecode.swift; path = FindWithCityName.swift; sourceTree = "<group>"; };
		77BB248E20B97A16001F4564 /* data.plist */ = {isa = PBXFileReference; lastKnownFileType = text.plist.xml; path = data.plist; sourceTree = "<group>"; };
		77BB249020B9810C001F4564 /* MedicalController.swift */ = {isa = PBXFileReference; lastKnownFileType = sourcecode.swift; path = MedicalController.swift; sourceTree = "<group>"; };
		77BB249420B9D056001F4564 /* MedicalDetailController.swift */ = {isa = PBXFileReference; lastKnownFileType = sourcecode.swift; path = MedicalDetailController.swift; sourceTree = "<group>"; };
/* End PBXFileReference section */

/* Begin PBXFrameworksBuildPhase section */
		77BB247420B962E6001F4564 /* Frameworks */ = {
			isa = PBXFrameworksBuildPhase;
			buildActionMask = 2147483647;
			files = (
			);
			runOnlyForDeploymentPostprocessing = 0;
		};
/* End PBXFrameworksBuildPhase section */

/* Begin PBXGroup section */
		77BB246E20B962E6001F4564 = {
			isa = PBXGroup;
			children = (
				77BB247920B962E6001F4564 /* HalfOfYourLife */,
				77BB247820B962E6001F4564 /* Products */,
			);
			sourceTree = "<group>";
		};
		77BB247820B962E6001F4564 /* Products */ = {
			isa = PBXGroup;
			children = (
				77BB247720B962E6001F4564 /* HalfOfYourLife.app */,
			);
			name = Products;
			sourceTree = "<group>";
		};
		77BB247920B962E6001F4564 /* HalfOfYourLife */ = {
			isa = PBXGroup;
			children = (
				77BB247A20B962E6001F4564 /* AppDelegate.swift */,
				77BB247C20B962E6001F4564 /* ViewController.swift */,
				77BB247E20B962E6001F4564 /* Main.storyboard */,
				77BB248120B962E7001F4564 /* Assets.xcassets */,
				77BB248320B962E7001F4564 /* LaunchScreen.storyboard */,
				77BB248620B962E7001F4564 /* Info.plist */,
				77BB248C20B97502001F4564 /* FindWithCityName.swift */,
				77BB248E20B97A16001F4564 /* data.plist */,
				77BB249020B9810C001F4564 /* MedicalController.swift */,
				77BB249420B9D056001F4564 /* MedicalDetailController.swift */,
				7724025A20BA603700BA39ED /* SearchPetController.swift */,
				7724025C20BA62B800BA39ED /* Parsers.swift */,
				77950A2320BA95E800BFDA29 /* PetsController.swift */,
				770AFB7C20BBA86D008D0549 /* MainController.swift */,
				770AFB7E20BBAF07008D0549 /* CityData.swift */,
				770AFB8020BBCD1B008D0549 /* PetDetailController.swift */,
			);
			path = HalfOfYourLife;
			sourceTree = "<group>";
		};
/* End PBXGroup section */

/* Begin PBXNativeTarget section */
		77BB247620B962E6001F4564 /* HalfOfYourLife */ = {
			isa = PBXNativeTarget;
			buildConfigurationList = 77BB248920B962E7001F4564 /* Build configuration list for PBXNativeTarget "HalfOfYourLife" */;
			buildPhases = (
				77BB247320B962E6001F4564 /* Sources */,
				77BB247420B962E6001F4564 /* Frameworks */,
				77BB247520B962E6001F4564 /* Resources */,
			);
			buildRules = (
			);
			dependencies = (
			);
			name = HalfOfYourLife;
			productName = HalfOfYourLife;
			productReference = 77BB247720B962E6001F4564 /* HalfOfYourLife.app */;
			productType = "com.apple.product-type.application";
		};
/* End PBXNativeTarget section */

/* Begin PBXProject section */
		77BB246F20B962E6001F4564 /* Project object */ = {
			isa = PBXProject;
			attributes = {
				LastSwiftUpdateCheck = 0930;
				LastUpgradeCheck = 0930;
				ORGANIZATIONNAME = KPU_GAME;
				TargetAttributes = {
					77BB247620B962E6001F4564 = {
						CreatedOnToolsVersion = 9.3;
					};
				};
			};
			buildConfigurationList = 77BB247220B962E6001F4564 /* Build configuration list for PBXProject "HalfOfYourLife" */;
			compatibilityVersion = "Xcode 9.3";
			developmentRegion = en;
			hasScannedForEncodings = 0;
			knownRegions = (
				en,
				Base,
			);
			mainGroup = 77BB246E20B962E6001F4564;
			productRefGroup = 77BB247820B962E6001F4564 /* Products */;
			projectDirPath = "";
			projectRoot = "";
			targets = (
				77BB247620B962E6001F4564 /* HalfOfYourLife */,
			);
		};
/* End PBXProject section */

/* Begin PBXResourcesBuildPhase section */
		77BB247520B962E6001F4564 /* Resources */ = {
			isa = PBXResourcesBuildPhase;
			buildActionMask = 2147483647;
			files = (
				77BB248520B962E7001F4564 /* LaunchScreen.storyboard in Resources */,
				77BB248220B962E7001F4564 /* Assets.xcassets in Resources */,
				77BB248F20B97A16001F4564 /* data.plist in Resources */,
				77BB248020B962E6001F4564 /* Main.storyboard in Resources */,
			);
			runOnlyForDeploymentPostprocessing = 0;
		};
/* End PBXResourcesBuildPhase section */

/* Begin PBXSourcesBuildPhase section */
		77BB247320B962E6001F4564 /* Sources */ = {
			isa = PBXSourcesBuildPhase;
			buildActionMask = 2147483647;
			files = (
				77BB247D20B962E6001F4564 /* ViewController.swift in Sources */,
				77BB247B20B962E6001F4564 /* AppDelegate.swift in Sources */,
				770AFB7F20BBAF07008D0549 /* CityData.swift in Sources */,
				7724025D20BA62B800BA39ED /* Parsers.swift in Sources */,
				77BB248D20B97502001F4564 /* FindWithCityName.swift in Sources */,
				770AFB7D20BBA86D008D0549 /* MainController.swift in Sources */,
				77BB249120B9810C001F4564 /* MedicalController.swift in Sources */,
				77BB249520B9D056001F4564 /* MedicalDetailController.swift in Sources */,
				770AFB8120BBCD1B008D0549 /* PetDetailController.swift in Sources */,
				7724025B20BA603700BA39ED /* SearchPetController.swift in Sources */,
				77950A2420BA95E800BFDA29 /* PetsController.swift in Sources */,
			);
			runOnlyForDeploymentPostprocessing = 0;
		};
/* End PBXSourcesBuildPhase section */

/* Begin PBXVariantGroup section */
		77BB247E20B962E6001F4564 /* Main.storyboard */ = {
			isa = PBXVariantGroup;
			children = (
				77BB247F20B962E6001F4564 /* Base */,
			);
			name = Main.storyboard;
			sourceTree = "<group>";
		};
		77BB248320B962E7001F4564 /* LaunchScreen.storyboard */ = {
			isa = PBXVariantGroup;
			children = (
				77BB248420B962E7001F4564 /* Base */,
			);
			name = LaunchScreen.storyboard;
			sourceTree = "<group>";
		};
/* End PBXVariantGroup section */

/* Begin XCBuildConfiguration section */
		77BB248720B962E7001F4564 /* Debug */ = {
			isa = XCBuildConfiguration;
			buildSettings = {
				ALWAYS_SEARCH_USER_PATHS = NO;
				CLANG_ANALYZER_NONNULL = YES;
				CLANG_ANALYZER_NUMBER_OBJECT_CONVERSION = YES_AGGRESSIVE;
				CLANG_CXX_LANGUAGE_STANDARD = "gnu++14";
				CLANG_CXX_LIBRARY = "libc++";
				CLANG_ENABLE_MODULES = YES;
				CLANG_ENABLE_OBJC_ARC = YES;
				CLANG_ENABLE_OBJC_WEAK = YES;
				CLANG_WARN_BLOCK_CAPTURE_AUTORELEASING = YES;
				CLANG_WARN_BOOL_CONVERSION = YES;
				CLANG_WARN_COMMA = YES;
				CLANG_WARN_CONSTANT_CONVERSION = YES;
				CLANG_WARN_DEPRECATED_OBJC_IMPLEMENTATIONS = YES;
				CLANG_WARN_DIRECT_OBJC_ISA_USAGE = YES_ERROR;
				CLANG_WARN_DOCUMENTATION_COMMENTS = YES;
				CLANG_WARN_EMPTY_BODY = YES;
				CLANG_WARN_ENUM_CONVERSION = YES;
				CLANG_WARN_INFINITE_RECURSION = YES;
				CLANG_WARN_INT_CONVERSION = YES;
				CLANG_WARN_NON_LITERAL_NULL_CONVERSION = YES;
				CLANG_WARN_OBJC_IMPLICIT_RETAIN_SELF = YES;
				CLANG_WARN_OBJC_LITERAL_CONVERSION = YES;
				CLANG_WARN_OBJC_ROOT_CLASS = YES_ERROR;
				CLANG_WARN_RANGE_LOOP_ANALYSIS = YES;
				CLANG_WARN_STRICT_PROTOTYPES = YES;
				CLANG_WARN_SUSPICIOUS_MOVE = YES;
				CLANG_WARN_UNGUARDED_AVAILABILITY = YES_AGGRESSIVE;
				CLANG_WARN_UNREACHABLE_CODE = YES;
				CLANG_WARN__DUPLICATE_METHOD_MATCH = YES;
				CODE_SIGN_IDENTITY = "iPhone Developer";
				COPY_PHASE_STRIP = NO;
				DEBUG_INFORMATION_FORMAT = dwarf;
				ENABLE_STRICT_OBJC_MSGSEND = YES;
				ENABLE_TESTABILITY = YES;
				GCC_C_LANGUAGE_STANDARD = gnu11;
				GCC_DYNAMIC_NO_PIC = NO;
				GCC_NO_COMMON_BLOCKS = YES;
				GCC_OPTIMIZATION_LEVEL = 0;
				GCC_PREPROCESSOR_DEFINITIONS = (
					"DEBUG=1",
					"$(inherited)",
				);
				GCC_WARN_64_TO_32_BIT_CONVERSION = YES;
				GCC_WARN_ABOUT_RETURN_TYPE = YES_ERROR;
				GCC_WARN_UNDECLARED_SELECTOR = YES;
				GCC_WARN_UNINITIALIZED_AUTOS = YES_AGGRESSIVE;
				GCC_WARN_UNUSED_FUNCTION = YES;
				GCC_WARN_UNUSED_VARIABLE = YES;
				IPHONEOS_DEPLOYMENT_TARGET = 11.3;
				MTL_ENABLE_DEBUG_INFO = YES;
				ONLY_ACTIVE_ARCH = YES;
				SDKROOT = iphoneos;
				SWIFT_ACTIVE_COMPILATION_CONDITIONS = DEBUG;
				SWIFT_OPTIMIZATION_LEVEL = "-Onone";
			};
			name = Debug;
		};
		77BB248820B962E7001F4564 /* Release */ = {
			isa = XCBuildConfiguration;
			buildSettings = {
				ALWAYS_SEARCH_USER_PATHS = NO;
				CLANG_ANALYZER_NONNULL = YES;
				CLANG_ANALYZER_NUMBER_OBJECT_CONVERSION = YES_AGGRESSIVE;
				CLANG_CXX_LANGUAGE_STANDARD = "gnu++14";
				CLANG_CXX_LIBRARY = "libc++";
				CLANG_ENABLE_MODULES = YES;
				CLANG_ENABLE_OBJC_ARC = YES;
				CLANG_ENABLE_OBJC_WEAK = YES;
				CLANG_WARN_BLOCK_CAPTURE_AUTORELEASING = YES;
				CLANG_WARN_BOOL_CONVERSION = YES;
				CLANG_WARN_COMMA = YES;
				CLANG_WARN_CONSTANT_CONVERSION = YES;
				CLANG_WARN_DEPRECATED_OBJC_IMPLEMENTATIONS = YES;
				CLANG_WARN_DIRECT_OBJC_ISA_USAGE = YES_ERROR;
				CLANG_WARN_DOCUMENTATION_COMMENTS = YES;
				CLANG_WARN_EMPTY_BODY = YES;
				CLANG_WARN_ENUM_CONVERSION = YES;
				CLANG_WARN_INFINITE_RECURSION = YES;
				CLANG_WARN_INT_CONVERSION = YES;
				CLANG_WARN_NON_LITERAL_NULL_CONVERSION = YES;
				CLANG_WARN_OBJC_IMPLICIT_RETAIN_SELF = YES;
				CLANG_WARN_OBJC_LITERAL_CONVERSION = YES;
				CLANG_WARN_OBJC_ROOT_CLASS = YES_ERROR;
				CLANG_WARN_RANGE_LOOP_ANALYSIS = YES;
				CLANG_WARN_STRICT_PROTOTYPES = YES;
				CLANG_WARN_SUSPICIOUS_MOVE = YES;
				CLANG_WARN_UNGUARDED_AVAILABILITY = YES_AGGRESSIVE;
				CLANG_WARN_UNREACHABLE_CODE = YES;
				CLANG_WARN__DUPLICATE_METHOD_MATCH = YES;
				CODE_SIGN_IDENTITY = "iPhone Developer";
				COPY_PHASE_STRIP = NO;
				DEBUG_INFORMATION_FORMAT = "dwarf-with-dsym";
				ENABLE_NS_ASSERTIONS = NO;
				ENABLE_STRICT_OBJC_MSGSEND = YES;
				GCC_C_LANGUAGE_STANDARD = gnu11;
				GCC_NO_COMMON_BLOCKS = YES;
				GCC_WARN_64_TO_32_BIT_CONVERSION = YES;
				GCC_WARN_ABOUT_RETURN_TYPE = YES_ERROR;
				GCC_WARN_UNDECLARED_SELECTOR = YES;
				GCC_WARN_UNINITIALIZED_AUTOS = YES_AGGRESSIVE;
				GCC_WARN_UNUSED_FUNCTION = YES;
				GCC_WARN_UNUSED_VARIABLE = YES;
				IPHONEOS_DEPLOYMENT_TARGET = 11.3;
				MTL_ENABLE_DEBUG_INFO = NO;
				SDKROOT = iphoneos;
				SWIFT_COMPILATION_MODE = wholemodule;
				SWIFT_OPTIMIZATION_LEVEL = "-O";
				VALIDATE_PRODUCT = YES;
			};
			name = Release;
		};
		77BB248A20B962E7001F4564 /* Debug */ = {
			isa = XCBuildConfiguration;
			buildSettings = {
				ASSETCATALOG_COMPILER_APPICON_NAME = AppIcon;
				CODE_SIGN_STYLE = Automatic;
				DEVELOPMENT_TEAM = 33857PPM27;
				INFOPLIST_FILE = HalfOfYourLife/Info.plist;
				LD_RUNPATH_SEARCH_PATHS = (
					"$(inherited)",
					"@executable_path/Frameworks",
				);
				PRODUCT_BUNDLE_IDENTIFIER = cjy.kpu.2018class.HalfOfYourLife;
				PRODUCT_NAME = "$(TARGET_NAME)";
				SWIFT_VERSION = 4.0;
				TARGETED_DEVICE_FAMILY = "1,2";
			};
			name = Debug;
		};
		77BB248B20B962E7001F4564 /* Release */ = {
			isa = XCBuildConfiguration;
			buildSettings = {
				ASSETCATALOG_COMPILER_APPICON_NAME = AppIcon;
				CODE_SIGN_STYLE = Automatic;
				DEVELOPMENT_TEAM = 33857PPM27;
				INFOPLIST_FILE = HalfOfYourLife/Info.plist;
				LD_RUNPATH_SEARCH_PATHS = (
					"$(inherited)",
					"@executable_path/Frameworks",
				);
				PRODUCT_BUNDLE_IDENTIFIER = cjy.kpu.2018class.HalfOfYourLife;
				PRODUCT_NAME = "$(TARGET_NAME)";
				SWIFT_VERSION = 4.0;
				TARGETED_DEVICE_FAMILY = "1,2";
			};
			name = Release;
		};
/* End XCBuildConfiguration section */

/* Begin XCConfigurationList section */
		77BB247220B962E6001F4564 /* Build configuration list for PBXProject "HalfOfYourLife" */ = {
			isa = XCConfigurationList;
			buildConfigurations = (
				77BB248720B962E7001F4564 /* Debug */,
				77BB248820B962E7001F4564 /* Release */,
			);
			defaultConfigurationIsVisible = 0;
			defaultConfigurationName = Release;
		};
		77BB248920B962E7001F4564 /* Build configuration list for PBXNativeTarget "HalfOfYourLife" */ = {
			isa = XCConfigurationList;
			buildConfigurations = (
				77BB248A20B962E7001F4564 /* Debug */,
				77BB248B20B962E7001F4564 /* Release */,
			);
			defaultConfigurationIsVisible = 0;
			defaultConfigurationName = Release;
		};
/* End XCConfigurationList section */
	};
	rootObject = 77BB246F20B962E6001F4564 /* Project object */;
}
